
Microsoft Visual Studio Solution File, Format Version 12.00
# Visual Studio Version 17
VisualStudioVersion = 17.3.32929.385
MinimumVisualStudioVersion = 10.0.40219.1
Project("{FAE04EC0-301F-11D3-BF4B-00C04F79EFBC}") = "Tehtävä4", "Tehtävä4\Tehtävä4.csproj", "{64970885-6179-4364-ABB5-B9DC6B562BA3}"
EndProject
Global
	GlobalSection(SolutionConfigurationPlatforms) = preSolution
		Debug|Any CPU = Debug|Any CPU
		Release|Any CPU = Release|Any CPU
	EndGlobalSection
	GlobalSection(ProjectConfigurationPlatforms) = postSolution
		{64970885-6179-4364-ABB5-B9DC6B562BA3}.Debug|Any CPU.ActiveCfg = Debug|Any CPU
		{64970885-6179-4364-ABB5-B9DC6B562BA3}.Debug|Any CPU.Build.0 = Debug|Any CPU
		{64970885-6179-4364-ABB5-B9DC6B562BA3}.Release|Any CPU.ActiveCfg = Release|Any CPU
		{64970885-6179-4364-ABB5-B9DC6B562BA3}.Release|Any CPU.Build.0 = Release|Any CPU
	EndGlobalSection
	GlobalSection(SolutionProperties) = preSolution
		HideSolutionNode = FALSE
	EndGlobalSection
	GlobalSection(ExtensibilityGlobals) = postSolution
		SolutionGuid = {9FF38B78-4287-4F5B-B880-DF47B5A36B52}
	EndGlobalSection
EndGlobal
