
Microsoft Visual Studio Solution File, Format Version 12.00
# Visual Studio Version 17
VisualStudioVersion = 17.3.32929.385
MinimumVisualStudioVersion = 10.0.40219.1
Project("{FAE04EC0-301F-11D3-BF4B-00C04F79EFBC}") = "WPF_Loppu", "WPF_Loppu\WPF_Loppu.csproj", "{3897DC25-8E8D-44F7-A86D-CD6800B2F907}"
EndProject
Global
	GlobalSection(SolutionConfigurationPlatforms) = preSolution
		Debug|Any CPU = Debug|Any CPU
		Release|Any CPU = Release|Any CPU
	EndGlobalSection
	GlobalSection(ProjectConfigurationPlatforms) = postSolution
		{3897DC25-8E8D-44F7-A86D-CD6800B2F907}.Debug|Any CPU.ActiveCfg = Debug|Any CPU
		{3897DC25-8E8D-44F7-A86D-CD6800B2F907}.Debug|Any CPU.Build.0 = Debug|Any CPU
		{3897DC25-8E8D-44F7-A86D-CD6800B2F907}.Release|Any CPU.ActiveCfg = Release|Any CPU
		{3897DC25-8E8D-44F7-A86D-CD6800B2F907}.Release|Any CPU.Build.0 = Release|Any CPU
	EndGlobalSection
	GlobalSection(SolutionProperties) = preSolution
		HideSolutionNode = FALSE
	EndGlobalSection
	GlobalSection(ExtensibilityGlobals) = postSolution
		SolutionGuid = {B9D40F34-9020-48B9-AD8C-0AEA559E6737}
	EndGlobalSection
EndGlobal
