
Microsoft Visual Studio Solution File, Format Version 12.00
# Visual Studio Version 17
VisualStudioVersion = 17.3.32929.385
MinimumVisualStudioVersion = 10.0.40219.1
Project("{FAE04EC0-301F-11D3-BF4B-00C04F79EFBC}") = "WPF_Hissi", "WPF_Hissi\WPF_Hissi.csproj", "{0C60053F-FC4E-43EE-97C5-B3D6D5CEBDC5}"
EndProject
Global
	GlobalSection(SolutionConfigurationPlatforms) = preSolution
		Debug|Any CPU = Debug|Any CPU
		Release|Any CPU = Release|Any CPU
	EndGlobalSection
	GlobalSection(ProjectConfigurationPlatforms) = postSolution
		{0C60053F-FC4E-43EE-97C5-B3D6D5CEBDC5}.Debug|Any CPU.ActiveCfg = Debug|Any CPU
		{0C60053F-FC4E-43EE-97C5-B3D6D5CEBDC5}.Debug|Any CPU.Build.0 = Debug|Any CPU
		{0C60053F-FC4E-43EE-97C5-B3D6D5CEBDC5}.Release|Any CPU.ActiveCfg = Release|Any CPU
		{0C60053F-FC4E-43EE-97C5-B3D6D5CEBDC5}.Release|Any CPU.Build.0 = Release|Any CPU
	EndGlobalSection
	GlobalSection(SolutionProperties) = preSolution
		HideSolutionNode = FALSE
	EndGlobalSection
	GlobalSection(ExtensibilityGlobals) = postSolution
		SolutionGuid = {86DC0B98-4A96-45E1-AAD3-D6C83F029FE4}
	EndGlobalSection
EndGlobal
